
Microsoft Visual Studio Solution File, Format Version 12.00
# Visual Studio Version 17
VisualStudioVersion = 17.7.34221.43
MinimumVisualStudioVersion = 10.0.40219.1
Project("{9A19103F-16F7-4668-BE54-9A1E7A4F7556}") = "Souq", "Souq\Souq.csproj", "{1C9BA68A-7C7C-4A2F-AA3A-8351F40E555F}"
EndProject
Project("{9A19103F-16F7-4668-BE54-9A1E7A4F7556}") = "AdminPanel1.Web", "AdminPanel1\AdminPanel1.Web\AdminPanel1.Web.csproj", "{D3A69ED7-825F-4D4A-817B-9119AD42C052}"
EndProject
Global
	GlobalSection(SolutionConfigurationPlatforms) = preSolution
		Debug|Any CPU = Debug|Any CPU
		Release|Any CPU = Release|Any CPU
	EndGlobalSection
	GlobalSection(ProjectConfigurationPlatforms) = postSolution
		{1C9BA68A-7C7C-4A2F-AA3A-8351F40E555F}.Debug|Any CPU.ActiveCfg = Debug|Any CPU
		{1C9BA68A-7C7C-4A2F-AA3A-8351F40E555F}.Debug|Any CPU.Build.0 = Debug|Any CPU
		{1C9BA68A-7C7C-4A2F-AA3A-8351F40E555F}.Release|Any CPU.ActiveCfg = Release|Any CPU
		{1C9BA68A-7C7C-4A2F-AA3A-8351F40E555F}.Release|Any CPU.Build.0 = Release|Any CPU
		{D3A69ED7-825F-4D4A-817B-9119AD42C052}.Debug|Any CPU.ActiveCfg = Debug|Any CPU
		{D3A69ED7-825F-4D4A-817B-9119AD42C052}.Debug|Any CPU.Build.0 = Debug|Any CPU
		{D3A69ED7-825F-4D4A-817B-9119AD42C052}.Release|Any CPU.ActiveCfg = Release|Any CPU
		{D3A69ED7-825F-4D4A-817B-9119AD42C052}.Release|Any CPU.Build.0 = Release|Any CPU
	EndGlobalSection
	GlobalSection(SolutionProperties) = preSolution
		HideSolutionNode = FALSE
	EndGlobalSection
	GlobalSection(ExtensibilityGlobals) = postSolution
		SolutionGuid = {FB0A7255-F136-413D-B164-429F98123E45}
	EndGlobalSection
EndGlobal
